{
  "name": "Final_Project",
  "lockfileVersion": 3,
  "requires": true,
  "packages": {
    "": {
      "dependencies": {
        "leopard": "^1.5.1"
      }
    },
    "node_modules/leopard": {
      "version": "1.5.1",
      "resolved": "https://registry.npmjs.org/leopard/-/leopard-1.5.1.tgz",
      "integrity": "sha512-5ro4aSJ0fsGFoZF144LdkxDe4I35OKmtc7ws9/spz++YktaZaZquY+VKLOH4hH2GqetNeTDI8ljN7IezwtJ/Rw=="
    }
  }
}
